{
  "requires": true,
  "lockfileVersion": 1,
  "dependencies": {
    "datatables.net": {
      "version": "1.10.25",
      "requires": {
        "jquery": ">=1.7"
      }
    },
    "datatables.net-bs4": {
      "version": "3.2.2",
      "requires": {
        "datatables.net": ">=1.10.13",
        "jquery": ">=1.7"
      }
    },
    "jquery": {
      "version": "3.6.0"
    }
  }
}
